{
  "name": "NFT-Ticket-Application",
  "lockfileVersion": 2,
  "requires": true,
  "packages": {
    "": {
      "devDependencies": {
        "@types/mocha": "^9.1.0"
      }
    },
    "node_modules/@types/mocha": {
      "version": "9.1.0",
      "resolved": "https://registry.npmjs.org/@types/mocha/-/mocha-9.1.0.tgz",
      "integrity": "sha512-QCWHkbMv4Y5U9oW10Uxbr45qMMSzl4OzijsozynUAgx3kEHUdXB00udx2dWDQ7f2TU2a2uuiFaRZjCe3unPpeg==",
      "dev": true
    }
  },
  "dependencies": {
    "@types/mocha": {
      "version": "9.1.0",
      "resolved": "https://registry.npmjs.org/@types/mocha/-/mocha-9.1.0.tgz",
      "integrity": "sha512-QCWHkbMv4Y5U9oW10Uxbr45qMMSzl4OzijsozynUAgx3kEHUdXB00udx2dWDQ7f2TU2a2uuiFaRZjCe3unPpeg==",
      "dev": true
    }
  }
}
